
Microsoft Visual Studio Solution File, Format Version 11.00
# Visual Studio 2010
Project("{FAE04EC0-301F-11D3-BF4B-00C04F79EFBC}") = "2_GrootsteGemeneDeler", "2_GrootsteGemeneDeler\2_GrootsteGemeneDeler.csproj", "{6C771206-712F-43E4-9516-48AC14125CFA}"
EndProject
Project("{2150E333-8FDC-42A3-9474-1A3956D46DE8}") = "Solution Items", "Solution Items", "{8CA83A9C-A1DC-46BA-BF85-CF1DFC49290C}"
	ProjectSection(SolutionItems) = preProject
		2_GrootsteGemeneDeler.vsmdi = 2_GrootsteGemeneDeler.vsmdi
		Local.testsettings = Local.testsettings
		TraceAndTestImpact.testsettings = TraceAndTestImpact.testsettings
	EndProjectSection
EndProject
Global
	GlobalSection(TestCaseManagementSettings) = postSolution
		CategoryFile = 2_GrootsteGemeneDeler.vsmdi
	EndGlobalSection
	GlobalSection(SolutionConfigurationPlatforms) = preSolution
		Debug|Any CPU = Debug|Any CPU
		Release|Any CPU = Release|Any CPU
	EndGlobalSection
	GlobalSection(ProjectConfigurationPlatforms) = postSolution
		{6C771206-712F-43E4-9516-48AC14125CFA}.Debug|Any CPU.ActiveCfg = Debug|Any CPU
		{6C771206-712F-43E4-9516-48AC14125CFA}.Debug|Any CPU.Build.0 = Debug|Any CPU
		{6C771206-712F-43E4-9516-48AC14125CFA}.Release|Any CPU.ActiveCfg = Release|Any CPU
		{6C771206-712F-43E4-9516-48AC14125CFA}.Release|Any CPU.Build.0 = Release|Any CPU
	EndGlobalSection
	GlobalSection(SolutionProperties) = preSolution
		HideSolutionNode = FALSE
	EndGlobalSection
EndGlobal
