
Microsoft Visual Studio Solution File, Format Version 11.00
# Visual Studio 2010
Project("{FAE04EC0-301F-11D3-BF4B-00C04F79EFBC}") = "3_Permutaties", "3_Permutaties\3_Permutaties.csproj", "{2C4F21FD-9844-4DF9-9934-C77E501FADDA}"
EndProject
Project("{2150E333-8FDC-42A3-9474-1A3956D46DE8}") = "Solution Items", "Solution Items", "{DD27B6FD-3DD5-48BF-A738-C1D95AA56C33}"
	ProjectSection(SolutionItems) = preProject
		3_Permutaties.vsmdi = 3_Permutaties.vsmdi
		Local.testsettings = Local.testsettings
		TraceAndTestImpact.testsettings = TraceAndTestImpact.testsettings
	EndProjectSection
EndProject
Global
	GlobalSection(TestCaseManagementSettings) = postSolution
		CategoryFile = 3_Permutaties.vsmdi
	EndGlobalSection
	GlobalSection(SolutionConfigurationPlatforms) = preSolution
		Debug|Any CPU = Debug|Any CPU
		Release|Any CPU = Release|Any CPU
	EndGlobalSection
	GlobalSection(ProjectConfigurationPlatforms) = postSolution
		{2C4F21FD-9844-4DF9-9934-C77E501FADDA}.Debug|Any CPU.ActiveCfg = Debug|Any CPU
		{2C4F21FD-9844-4DF9-9934-C77E501FADDA}.Debug|Any CPU.Build.0 = Debug|Any CPU
		{2C4F21FD-9844-4DF9-9934-C77E501FADDA}.Release|Any CPU.ActiveCfg = Release|Any CPU
		{2C4F21FD-9844-4DF9-9934-C77E501FADDA}.Release|Any CPU.Build.0 = Release|Any CPU
	EndGlobalSection
	GlobalSection(SolutionProperties) = preSolution
		HideSolutionNode = FALSE
	EndGlobalSection
EndGlobal
