
Microsoft Visual Studio Solution File, Format Version 11.00
# Visual Studio 2010
Project("{FAE04EC0-301F-11D3-BF4B-00C04F79EFBC}") = "1_Palindroom", "1_Palindroom\1_Palindroom.csproj", "{1E7A6C4E-554A-46C6-8C94-07D2E76E5D0F}"
EndProject
Project("{2150E333-8FDC-42A3-9474-1A3956D46DE8}") = "Solution Items", "Solution Items", "{46D774BC-E601-4C3A-AE9D-BB8E4843B430}"
	ProjectSection(SolutionItems) = preProject
		1_Palindroom.vsmdi = 1_Palindroom.vsmdi
		Local.testsettings = Local.testsettings
		TraceAndTestImpact.testsettings = TraceAndTestImpact.testsettings
	EndProjectSection
EndProject
Global
	GlobalSection(TestCaseManagementSettings) = postSolution
		CategoryFile = 1_Palindroom.vsmdi
	EndGlobalSection
	GlobalSection(SolutionConfigurationPlatforms) = preSolution
		Debug|Any CPU = Debug|Any CPU
		Release|Any CPU = Release|Any CPU
	EndGlobalSection
	GlobalSection(ProjectConfigurationPlatforms) = postSolution
		{1E7A6C4E-554A-46C6-8C94-07D2E76E5D0F}.Debug|Any CPU.ActiveCfg = Debug|Any CPU
		{1E7A6C4E-554A-46C6-8C94-07D2E76E5D0F}.Debug|Any CPU.Build.0 = Debug|Any CPU
		{1E7A6C4E-554A-46C6-8C94-07D2E76E5D0F}.Release|Any CPU.ActiveCfg = Release|Any CPU
		{1E7A6C4E-554A-46C6-8C94-07D2E76E5D0F}.Release|Any CPU.Build.0 = Release|Any CPU
	EndGlobalSection
	GlobalSection(SolutionProperties) = preSolution
		HideSolutionNode = FALSE
	EndGlobalSection
EndGlobal
