
Microsoft Visual Studio Solution File, Format Version 11.00
# Visual Studio 2010
Project("{FAE04EC0-301F-11D3-BF4B-00C04F79EFBC}") = "1_ZelfdePariteit", "1_ZelfdePariteit\1_ZelfdePariteit.csproj", "{4A2A3AA6-551E-4E1A-B7B5-329151071E9D}"
EndProject
Project("{2150E333-8FDC-42A3-9474-1A3956D46DE8}") = "Solution Items", "Solution Items", "{B9BA3C51-FC65-42E5-8A6E-DC8687105542}"
	ProjectSection(SolutionItems) = preProject
		1_ZelfdePariteit.vsmdi = 1_ZelfdePariteit.vsmdi
		Local.testsettings = Local.testsettings
		TraceAndTestImpact.testsettings = TraceAndTestImpact.testsettings
	EndProjectSection
EndProject
Global
	GlobalSection(TestCaseManagementSettings) = postSolution
		CategoryFile = 1_ZelfdePariteit.vsmdi
	EndGlobalSection
	GlobalSection(SolutionConfigurationPlatforms) = preSolution
		Debug|Any CPU = Debug|Any CPU
		Release|Any CPU = Release|Any CPU
	EndGlobalSection
	GlobalSection(ProjectConfigurationPlatforms) = postSolution
		{4A2A3AA6-551E-4E1A-B7B5-329151071E9D}.Debug|Any CPU.ActiveCfg = Debug|Any CPU
		{4A2A3AA6-551E-4E1A-B7B5-329151071E9D}.Debug|Any CPU.Build.0 = Debug|Any CPU
		{4A2A3AA6-551E-4E1A-B7B5-329151071E9D}.Release|Any CPU.ActiveCfg = Release|Any CPU
		{4A2A3AA6-551E-4E1A-B7B5-329151071E9D}.Release|Any CPU.Build.0 = Release|Any CPU
	EndGlobalSection
	GlobalSection(SolutionProperties) = preSolution
		HideSolutionNode = FALSE
	EndGlobalSection
EndGlobal
