
Microsoft Visual Studio Solution File, Format Version 11.00
# Visual Studio 2010
Project("{FAE04EC0-301F-11D3-BF4B-00C04F79EFBC}") = "1_ReverseString", "1_ReverseString\1_ReverseString.csproj", "{79E9709D-AA92-4350-A7D5-AC32E63ABCD0}"
EndProject
Project("{2150E333-8FDC-42A3-9474-1A3956D46DE8}") = "Solution Items", "Solution Items", "{F863F44A-EC0A-4AFD-B091-5BB311FE8D0A}"
	ProjectSection(SolutionItems) = preProject
		1_ReverseString.vsmdi = 1_ReverseString.vsmdi
		Local.testsettings = Local.testsettings
		TraceAndTestImpact.testsettings = TraceAndTestImpact.testsettings
	EndProjectSection
EndProject
Global
	GlobalSection(TestCaseManagementSettings) = postSolution
		CategoryFile = 1_ReverseString.vsmdi
	EndGlobalSection
	GlobalSection(SolutionConfigurationPlatforms) = preSolution
		Debug|Any CPU = Debug|Any CPU
		Release|Any CPU = Release|Any CPU
	EndGlobalSection
	GlobalSection(ProjectConfigurationPlatforms) = postSolution
		{79E9709D-AA92-4350-A7D5-AC32E63ABCD0}.Debug|Any CPU.ActiveCfg = Debug|Any CPU
		{79E9709D-AA92-4350-A7D5-AC32E63ABCD0}.Debug|Any CPU.Build.0 = Debug|Any CPU
		{79E9709D-AA92-4350-A7D5-AC32E63ABCD0}.Release|Any CPU.ActiveCfg = Release|Any CPU
		{79E9709D-AA92-4350-A7D5-AC32E63ABCD0}.Release|Any CPU.Build.0 = Release|Any CPU
	EndGlobalSection
	GlobalSection(SolutionProperties) = preSolution
		HideSolutionNode = FALSE
	EndGlobalSection
EndGlobal
