
Microsoft Visual Studio Solution File, Format Version 11.00
# Visual Studio 2010
Project("{FAE04EC0-301F-11D3-BF4B-00C04F79EFBC}") = "2_GetalVoluit", "2_GetalVoluit\2_GetalVoluit.csproj", "{01234196-7B28-4D3D-8723-070E82D8F5CF}"
EndProject
Project("{2150E333-8FDC-42A3-9474-1A3956D46DE8}") = "Solution Items", "Solution Items", "{F91F7B3B-29E8-4F7E-B234-0AD38E9F9895}"
	ProjectSection(SolutionItems) = preProject
		2_GetalVoluit.vsmdi = 2_GetalVoluit.vsmdi
		Local.testsettings = Local.testsettings
		TraceAndTestImpact.testsettings = TraceAndTestImpact.testsettings
	EndProjectSection
EndProject
Global
	GlobalSection(TestCaseManagementSettings) = postSolution
		CategoryFile = 2_GetalVoluit.vsmdi
	EndGlobalSection
	GlobalSection(SolutionConfigurationPlatforms) = preSolution
		Debug|Any CPU = Debug|Any CPU
		Release|Any CPU = Release|Any CPU
	EndGlobalSection
	GlobalSection(ProjectConfigurationPlatforms) = postSolution
		{01234196-7B28-4D3D-8723-070E82D8F5CF}.Debug|Any CPU.ActiveCfg = Debug|Any CPU
		{01234196-7B28-4D3D-8723-070E82D8F5CF}.Debug|Any CPU.Build.0 = Debug|Any CPU
		{01234196-7B28-4D3D-8723-070E82D8F5CF}.Release|Any CPU.ActiveCfg = Release|Any CPU
		{01234196-7B28-4D3D-8723-070E82D8F5CF}.Release|Any CPU.Build.0 = Release|Any CPU
	EndGlobalSection
	GlobalSection(SolutionProperties) = preSolution
		HideSolutionNode = FALSE
	EndGlobalSection
EndGlobal
