
Microsoft Visual Studio Solution File, Format Version 11.00
# Visual Studio 2010
Project("{FAE04EC0-301F-11D3-BF4B-00C04F79EFBC}") = "1_GradeMe", "1_GradeMe\1_GradeMe.csproj", "{C9C5F38D-5488-4AF8-81F4-73E50E9E8A58}"
EndProject
Project("{2150E333-8FDC-42A3-9474-1A3956D46DE8}") = "Solution Items", "Solution Items", "{21DFD023-1C38-423B-820F-33A854FA1480}"
	ProjectSection(SolutionItems) = preProject
		1_GradeMe.vsmdi = 1_GradeMe.vsmdi
		Local.testsettings = Local.testsettings
		TraceAndTestImpact.testsettings = TraceAndTestImpact.testsettings
	EndProjectSection
EndProject
Global
	GlobalSection(TestCaseManagementSettings) = postSolution
		CategoryFile = 1_GradeMe.vsmdi
	EndGlobalSection
	GlobalSection(SolutionConfigurationPlatforms) = preSolution
		Debug|Any CPU = Debug|Any CPU
		Release|Any CPU = Release|Any CPU
	EndGlobalSection
	GlobalSection(ProjectConfigurationPlatforms) = postSolution
		{C9C5F38D-5488-4AF8-81F4-73E50E9E8A58}.Debug|Any CPU.ActiveCfg = Debug|Any CPU
		{C9C5F38D-5488-4AF8-81F4-73E50E9E8A58}.Debug|Any CPU.Build.0 = Debug|Any CPU
		{C9C5F38D-5488-4AF8-81F4-73E50E9E8A58}.Release|Any CPU.ActiveCfg = Release|Any CPU
		{C9C5F38D-5488-4AF8-81F4-73E50E9E8A58}.Release|Any CPU.Build.0 = Release|Any CPU
	EndGlobalSection
	GlobalSection(SolutionProperties) = preSolution
		HideSolutionNode = FALSE
	EndGlobalSection
EndGlobal
