
Microsoft Visual Studio Solution File, Format Version 11.00
# Visual Studio 2010
Project("{FAE04EC0-301F-11D3-BF4B-00C04F79EFBC}") = "1_InterleaveInString", "1_InterleaveInString\1_InterleaveInString.csproj", "{D8E99793-257C-40EA-B38A-E47ADC52437F}"
EndProject
Project("{2150E333-8FDC-42A3-9474-1A3956D46DE8}") = "Solution Items", "Solution Items", "{2FB79DE8-FA06-44D8-93F5-3FE4125A8180}"
	ProjectSection(SolutionItems) = preProject
		1_InterleaveInString.vsmdi = 1_InterleaveInString.vsmdi
		Local.testsettings = Local.testsettings
		TraceAndTestImpact.testsettings = TraceAndTestImpact.testsettings
	EndProjectSection
EndProject
Global
	GlobalSection(TestCaseManagementSettings) = postSolution
		CategoryFile = 1_InterleaveInString.vsmdi
	EndGlobalSection
	GlobalSection(SolutionConfigurationPlatforms) = preSolution
		Debug|Any CPU = Debug|Any CPU
		Release|Any CPU = Release|Any CPU
	EndGlobalSection
	GlobalSection(ProjectConfigurationPlatforms) = postSolution
		{D8E99793-257C-40EA-B38A-E47ADC52437F}.Debug|Any CPU.ActiveCfg = Debug|Any CPU
		{D8E99793-257C-40EA-B38A-E47ADC52437F}.Debug|Any CPU.Build.0 = Debug|Any CPU
		{D8E99793-257C-40EA-B38A-E47ADC52437F}.Release|Any CPU.ActiveCfg = Release|Any CPU
		{D8E99793-257C-40EA-B38A-E47ADC52437F}.Release|Any CPU.Build.0 = Release|Any CPU
	EndGlobalSection
	GlobalSection(SolutionProperties) = preSolution
		HideSolutionNode = FALSE
	EndGlobalSection
EndGlobal
