
Microsoft Visual Studio Solution File, Format Version 11.00
# Visual Studio 2010
Project("{FAE04EC0-301F-11D3-BF4B-00C04F79EFBC}") = "2_SchrijfBinairGetalInArabischeCijfers", "2_SchrijfBinairGetalInArabischeCijfers\2_SchrijfBinairGetalInArabischeCijfers.csproj", "{1C4EC7FA-C4CE-46DD-AFD4-FCF8504EB952}"
EndProject
Project("{2150E333-8FDC-42A3-9474-1A3956D46DE8}") = "Solution Items", "Solution Items", "{22FEE986-40BB-45AB-BB58-F85E925DB29A}"
	ProjectSection(SolutionItems) = preProject
		2_SchrijfBinairGetalInArabischeCijfers.vsmdi = 2_SchrijfBinairGetalInArabischeCijfers.vsmdi
		Local.testsettings = Local.testsettings
		TraceAndTestImpact.testsettings = TraceAndTestImpact.testsettings
	EndProjectSection
EndProject
Global
	GlobalSection(TestCaseManagementSettings) = postSolution
		CategoryFile = 2_SchrijfBinairGetalInArabischeCijfers.vsmdi
	EndGlobalSection
	GlobalSection(SolutionConfigurationPlatforms) = preSolution
		Debug|Any CPU = Debug|Any CPU
		Release|Any CPU = Release|Any CPU
	EndGlobalSection
	GlobalSection(ProjectConfigurationPlatforms) = postSolution
		{1C4EC7FA-C4CE-46DD-AFD4-FCF8504EB952}.Debug|Any CPU.ActiveCfg = Debug|Any CPU
		{1C4EC7FA-C4CE-46DD-AFD4-FCF8504EB952}.Debug|Any CPU.Build.0 = Debug|Any CPU
		{1C4EC7FA-C4CE-46DD-AFD4-FCF8504EB952}.Release|Any CPU.ActiveCfg = Release|Any CPU
		{1C4EC7FA-C4CE-46DD-AFD4-FCF8504EB952}.Release|Any CPU.Build.0 = Release|Any CPU
	EndGlobalSection
	GlobalSection(SolutionProperties) = preSolution
		HideSolutionNode = FALSE
	EndGlobalSection
EndGlobal
