
Microsoft Visual Studio Solution File, Format Version 11.00
# Visual Studio 2010
Project("{FAE04EC0-301F-11D3-BF4B-00C04F79EFBC}") = "1_SumOfSquares", "1_SumOfSquares\1_SumOfSquares.csproj", "{02EC410B-C698-4836-BC10-3D59523D8CFD}"
EndProject
Project("{2150E333-8FDC-42A3-9474-1A3956D46DE8}") = "Solution Items", "Solution Items", "{DAA0F1CB-A422-4D99-94D3-DC4B9A7505B0}"
	ProjectSection(SolutionItems) = preProject
		1_SumOfSquares.vsmdi = 1_SumOfSquares.vsmdi
		Local.testsettings = Local.testsettings
		TraceAndTestImpact.testsettings = TraceAndTestImpact.testsettings
	EndProjectSection
EndProject
Global
	GlobalSection(TestCaseManagementSettings) = postSolution
		CategoryFile = 1_SumOfSquares.vsmdi
	EndGlobalSection
	GlobalSection(SolutionConfigurationPlatforms) = preSolution
		Debug|Any CPU = Debug|Any CPU
		Release|Any CPU = Release|Any CPU
	EndGlobalSection
	GlobalSection(ProjectConfigurationPlatforms) = postSolution
		{02EC410B-C698-4836-BC10-3D59523D8CFD}.Debug|Any CPU.ActiveCfg = Debug|Any CPU
		{02EC410B-C698-4836-BC10-3D59523D8CFD}.Debug|Any CPU.Build.0 = Debug|Any CPU
		{02EC410B-C698-4836-BC10-3D59523D8CFD}.Release|Any CPU.ActiveCfg = Release|Any CPU
		{02EC410B-C698-4836-BC10-3D59523D8CFD}.Release|Any CPU.Build.0 = Release|Any CPU
	EndGlobalSection
	GlobalSection(SolutionProperties) = preSolution
		HideSolutionNode = FALSE
	EndGlobalSection
EndGlobal
