
Microsoft Visual Studio Solution File, Format Version 11.00
# Visual Studio 2010
Project("{FAE04EC0-301F-11D3-BF4B-00C04F79EFBC}") = "2_Encodering", "2_Encodering\2_Encodering.csproj", "{5360D32B-3BD7-4191-94B9-4D3F00B2900D}"
EndProject
Project("{2150E333-8FDC-42A3-9474-1A3956D46DE8}") = "Solution Items", "Solution Items", "{61455683-A538-4094-8880-67637E09ACEA}"
	ProjectSection(SolutionItems) = preProject
		2_Encodering.vsmdi = 2_Encodering.vsmdi
		Local.testsettings = Local.testsettings
		TraceAndTestImpact.testsettings = TraceAndTestImpact.testsettings
	EndProjectSection
EndProject
Global
	GlobalSection(TestCaseManagementSettings) = postSolution
		CategoryFile = 2_Encodering.vsmdi
	EndGlobalSection
	GlobalSection(SolutionConfigurationPlatforms) = preSolution
		Debug|Any CPU = Debug|Any CPU
		Release|Any CPU = Release|Any CPU
	EndGlobalSection
	GlobalSection(ProjectConfigurationPlatforms) = postSolution
		{5360D32B-3BD7-4191-94B9-4D3F00B2900D}.Debug|Any CPU.ActiveCfg = Debug|Any CPU
		{5360D32B-3BD7-4191-94B9-4D3F00B2900D}.Debug|Any CPU.Build.0 = Debug|Any CPU
		{5360D32B-3BD7-4191-94B9-4D3F00B2900D}.Release|Any CPU.ActiveCfg = Release|Any CPU
		{5360D32B-3BD7-4191-94B9-4D3F00B2900D}.Release|Any CPU.Build.0 = Release|Any CPU
	EndGlobalSection
	GlobalSection(SolutionProperties) = preSolution
		HideSolutionNode = FALSE
	EndGlobalSection
EndGlobal
