
Microsoft Visual Studio Solution File, Format Version 11.00
# Visual Studio 2010
Project("{FAE04EC0-301F-11D3-BF4B-00C04F79EFBC}") = "2_SchrijfArabischGetalInBinaireCijfers", "2_SchrijfArabischGetalInBinaireCijfers\2_SchrijfArabischGetalInBinaireCijfers.csproj", "{498ED5C9-4CAE-42A0-AC57-59B1BACEACEF}"
EndProject
Project("{2150E333-8FDC-42A3-9474-1A3956D46DE8}") = "Solution Items", "Solution Items", "{383ED912-3CD4-427D-BFEC-289E06534F02}"
	ProjectSection(SolutionItems) = preProject
		2_SchrijfArabischGetalInBinaireCijfers.vsmdi = 2_SchrijfArabischGetalInBinaireCijfers.vsmdi
		Local.testsettings = Local.testsettings
		TraceAndTestImpact.testsettings = TraceAndTestImpact.testsettings
	EndProjectSection
EndProject
Global
	GlobalSection(TestCaseManagementSettings) = postSolution
		CategoryFile = 2_SchrijfArabischGetalInBinaireCijfers.vsmdi
	EndGlobalSection
	GlobalSection(SolutionConfigurationPlatforms) = preSolution
		Debug|Any CPU = Debug|Any CPU
		Release|Any CPU = Release|Any CPU
	EndGlobalSection
	GlobalSection(ProjectConfigurationPlatforms) = postSolution
		{498ED5C9-4CAE-42A0-AC57-59B1BACEACEF}.Debug|Any CPU.ActiveCfg = Debug|Any CPU
		{498ED5C9-4CAE-42A0-AC57-59B1BACEACEF}.Debug|Any CPU.Build.0 = Debug|Any CPU
		{498ED5C9-4CAE-42A0-AC57-59B1BACEACEF}.Release|Any CPU.ActiveCfg = Release|Any CPU
		{498ED5C9-4CAE-42A0-AC57-59B1BACEACEF}.Release|Any CPU.Build.0 = Release|Any CPU
	EndGlobalSection
	GlobalSection(SolutionProperties) = preSolution
		HideSolutionNode = FALSE
	EndGlobalSection
EndGlobal
